
Microsoft Visual Studio Solution File, Format Version 12.00
# Visual Studio Version 17
VisualStudioVersion = 17.0.31903.59
MinimumVisualStudioVersion = 10.0.40219.1
Project("{2150E333-8FDC-42A3-9474-1A3956D46DE8}") = "src", "src", "{827E0CD3-B72D-47B6-A68D-7590B98EB39B}"
EndProject
Project("{FAE04EC0-301F-11D3-BF4B-00C04F79EFBC}") = "MedManager.Web", "src\MedManager.Web\MedManager.Web.csproj", "{4EBE7121-3921-498E-B240-665D007EC0C3}"
EndProject
Project("{FAE04EC0-301F-11D3-BF4B-00C04F79EFBC}") = "MedManager.Application", "src\MedManager.Application\MedManager.Application.csproj", "{43A48A7A-CF4C-407C-BAA4-7CD4BB5F3A23}"
EndProject
Project("{FAE04EC0-301F-11D3-BF4B-00C04F79EFBC}") = "MedManager.Domain", "src\MedManager.Domain\MedManager.Domain.csproj", "{20750A73-E569-4DBA-9D7B-CFCF535409A9}"
EndProject
Project("{FAE04EC0-301F-11D3-BF4B-00C04F79EFBC}") = "MedManager.Infrastructure", "src\MedManager.Infrastructure\MedManager.Infrastructure.csproj", "{7054CD98-13EE-4836-95DA-2871420348E9}"
EndProject
Project("{2150E333-8FDC-42A3-9474-1A3956D46DE8}") = "tests", "tests", "{0AB3BF05-4346-4AA6-1389-037BE0695223}"
EndProject
Project("{FAE04EC0-301F-11D3-BF4B-00C04F79EFBC}") = "MedManager.Tests.Integration", "tests\MedManager.Tests.Integration\MedManager.Tests.Integration.csproj", "{98506352-5F6B-4AD1-971E-8F3157708D6F}"
EndProject
Project("{2150E333-8FDC-42A3-9474-1A3956D46DE8}") = "MedManager.Tests.Units", "MedManager.Tests.Units", "{C4600878-38B5-6572-5949-C7586CCAA6F4}"
EndProject
Project("{FAE04EC0-301F-11D3-BF4B-00C04F79EFBC}") = "MedManager.Tests.Unit", "tests\MedManager.Tests.Units\MedManager.Tests.Unit.csproj", "{4C5637F3-3EDF-4A21-8DD8-80355CD06EB7}"
EndProject
Global
	GlobalSection(SolutionConfigurationPlatforms) = preSolution
		Debug|Any CPU = Debug|Any CPU
		Debug|x64 = Debug|x64
		Debug|x86 = Debug|x86
		Release|Any CPU = Release|Any CPU
		Release|x64 = Release|x64
		Release|x86 = Release|x86
	EndGlobalSection
	GlobalSection(ProjectConfigurationPlatforms) = postSolution
		{4EBE7121-3921-498E-B240-665D007EC0C3}.Debug|Any CPU.ActiveCfg = Debug|Any CPU
		{4EBE7121-3921-498E-B240-665D007EC0C3}.Debug|Any CPU.Build.0 = Debug|Any CPU
		{4EBE7121-3921-498E-B240-665D007EC0C3}.Debug|x64.ActiveCfg = Debug|Any CPU
		{4EBE7121-3921-498E-B240-665D007EC0C3}.Debug|x64.Build.0 = Debug|Any CPU
		{4EBE7121-3921-498E-B240-665D007EC0C3}.Debug|x86.ActiveCfg = Debug|Any CPU
		{4EBE7121-3921-498E-B240-665D007EC0C3}.Debug|x86.Build.0 = Debug|Any CPU
		{4EBE7121-3921-498E-B240-665D007EC0C3}.Release|Any CPU.ActiveCfg = Release|Any CPU
		{4EBE7121-3921-498E-B240-665D007EC0C3}.Release|Any CPU.Build.0 = Release|Any CPU
		{4EBE7121-3921-498E-B240-665D007EC0C3}.Release|x64.ActiveCfg = Release|Any CPU
		{4EBE7121-3921-498E-B240-665D007EC0C3}.Release|x64.Build.0 = Release|Any CPU
		{4EBE7121-3921-498E-B240-665D007EC0C3}.Release|x86.ActiveCfg = Release|Any CPU
		{4EBE7121-3921-498E-B240-665D007EC0C3}.Release|x86.Build.0 = Release|Any CPU
		{43A48A7A-CF4C-407C-BAA4-7CD4BB5F3A23}.Debug|Any CPU.ActiveCfg = Debug|Any CPU
		{43A48A7A-CF4C-407C-BAA4-7CD4BB5F3A23}.Debug|Any CPU.Build.0 = Debug|Any CPU
		{43A48A7A-CF4C-407C-BAA4-7CD4BB5F3A23}.Debug|x64.ActiveCfg = Debug|Any CPU
		{43A48A7A-CF4C-407C-BAA4-7CD4BB5F3A23}.Debug|x64.Build.0 = Debug|Any CPU
		{43A48A7A-CF4C-407C-BAA4-7CD4BB5F3A23}.Debug|x86.ActiveCfg = Debug|Any CPU
		{43A48A7A-CF4C-407C-BAA4-7CD4BB5F3A23}.Debug|x86.Build.0 = Debug|Any CPU
		{43A48A7A-CF4C-407C-BAA4-7CD4BB5F3A23}.Release|Any CPU.ActiveCfg = Release|Any CPU
		{43A48A7A-CF4C-407C-BAA4-7CD4BB5F3A23}.Release|Any CPU.Build.0 = Release|Any CPU
		{43A48A7A-CF4C-407C-BAA4-7CD4BB5F3A23}.Release|x64.ActiveCfg = Release|Any CPU
		{43A48A7A-CF4C-407C-BAA4-7CD4BB5F3A23}.Release|x64.Build.0 = Release|Any CPU
		{43A48A7A-CF4C-407C-BAA4-7CD4BB5F3A23}.Release|x86.ActiveCfg = Release|Any CPU
		{43A48A7A-CF4C-407C-BAA4-7CD4BB5F3A23}.Release|x86.Build.0 = Release|Any CPU
		{20750A73-E569-4DBA-9D7B-CFCF535409A9}.Debug|Any CPU.ActiveCfg = Debug|Any CPU
		{20750A73-E569-4DBA-9D7B-CFCF535409A9}.Debug|Any CPU.Build.0 = Debug|Any CPU
		{20750A73-E569-4DBA-9D7B-CFCF535409A9}.Debug|x64.ActiveCfg = Debug|Any CPU
		{20750A73-E569-4DBA-9D7B-CFCF535409A9}.Debug|x64.Build.0 = Debug|Any CPU
		{20750A73-E569-4DBA-9D7B-CFCF535409A9}.Debug|x86.ActiveCfg = Debug|Any CPU
		{20750A73-E569-4DBA-9D7B-CFCF535409A9}.Debug|x86.Build.0 = Debug|Any CPU
		{20750A73-E569-4DBA-9D7B-CFCF535409A9}.Release|Any CPU.ActiveCfg = Release|Any CPU
		{20750A73-E569-4DBA-9D7B-CFCF535409A9}.Release|Any CPU.Build.0 = Release|Any CPU
		{20750A73-E569-4DBA-9D7B-CFCF535409A9}.Release|x64.ActiveCfg = Release|Any CPU
		{20750A73-E569-4DBA-9D7B-CFCF535409A9}.Release|x64.Build.0 = Release|Any CPU
		{20750A73-E569-4DBA-9D7B-CFCF535409A9}.Release|x86.ActiveCfg = Release|Any CPU
		{20750A73-E569-4DBA-9D7B-CFCF535409A9}.Release|x86.Build.0 = Release|Any CPU
		{7054CD98-13EE-4836-95DA-2871420348E9}.Debug|Any CPU.ActiveCfg = Debug|Any CPU
		{7054CD98-13EE-4836-95DA-2871420348E9}.Debug|Any CPU.Build.0 = Debug|Any CPU
		{7054CD98-13EE-4836-95DA-2871420348E9}.Debug|x64.ActiveCfg = Debug|Any CPU
		{7054CD98-13EE-4836-95DA-2871420348E9}.Debug|x64.Build.0 = Debug|Any CPU
		{7054CD98-13EE-4836-95DA-2871420348E9}.Debug|x86.ActiveCfg = Debug|Any CPU
		{7054CD98-13EE-4836-95DA-2871420348E9}.Debug|x86.Build.0 = Debug|Any CPU
		{7054CD98-13EE-4836-95DA-2871420348E9}.Release|Any CPU.ActiveCfg = Release|Any CPU
		{7054CD98-13EE-4836-95DA-2871420348E9}.Release|Any CPU.Build.0 = Release|Any CPU
		{7054CD98-13EE-4836-95DA-2871420348E9}.Release|x64.ActiveCfg = Release|Any CPU
		{7054CD98-13EE-4836-95DA-2871420348E9}.Release|x64.Build.0 = Release|Any CPU
		{7054CD98-13EE-4836-95DA-2871420348E9}.Release|x86.ActiveCfg = Release|Any CPU
		{7054CD98-13EE-4836-95DA-2871420348E9}.Release|x86.Build.0 = Release|Any CPU
		{98506352-5F6B-4AD1-971E-8F3157708D6F}.Debug|Any CPU.ActiveCfg = Debug|Any CPU
		{98506352-5F6B-4AD1-971E-8F3157708D6F}.Debug|Any CPU.Build.0 = Debug|Any CPU
		{98506352-5F6B-4AD1-971E-8F3157708D6F}.Debug|x64.ActiveCfg = Debug|Any CPU
		{98506352-5F6B-4AD1-971E-8F3157708D6F}.Debug|x64.Build.0 = Debug|Any CPU
		{98506352-5F6B-4AD1-971E-8F3157708D6F}.Debug|x86.ActiveCfg = Debug|Any CPU
		{98506352-5F6B-4AD1-971E-8F3157708D6F}.Debug|x86.Build.0 = Debug|Any CPU
		{98506352-5F6B-4AD1-971E-8F3157708D6F}.Release|Any CPU.ActiveCfg = Release|Any CPU
		{98506352-5F6B-4AD1-971E-8F3157708D6F}.Release|Any CPU.Build.0 = Release|Any CPU
		{98506352-5F6B-4AD1-971E-8F3157708D6F}.Release|x64.ActiveCfg = Release|Any CPU
		{98506352-5F6B-4AD1-971E-8F3157708D6F}.Release|x64.Build.0 = Release|Any CPU
		{98506352-5F6B-4AD1-971E-8F3157708D6F}.Release|x86.ActiveCfg = Release|Any CPU
		{98506352-5F6B-4AD1-971E-8F3157708D6F}.Release|x86.Build.0 = Release|Any CPU
		{4C5637F3-3EDF-4A21-8DD8-80355CD06EB7}.Debug|Any CPU.ActiveCfg = Debug|Any CPU
		{4C5637F3-3EDF-4A21-8DD8-80355CD06EB7}.Debug|Any CPU.Build.0 = Debug|Any CPU
		{4C5637F3-3EDF-4A21-8DD8-80355CD06EB7}.Debug|x64.ActiveCfg = Debug|Any CPU
		{4C5637F3-3EDF-4A21-8DD8-80355CD06EB7}.Debug|x64.Build.0 = Debug|Any CPU
		{4C5637F3-3EDF-4A21-8DD8-80355CD06EB7}.Debug|x86.ActiveCfg = Debug|Any CPU
		{4C5637F3-3EDF-4A21-8DD8-80355CD06EB7}.Debug|x86.Build.0 = Debug|Any CPU
		{4C5637F3-3EDF-4A21-8DD8-80355CD06EB7}.Release|Any CPU.ActiveCfg = Release|Any CPU
		{4C5637F3-3EDF-4A21-8DD8-80355CD06EB7}.Release|Any CPU.Build.0 = Release|Any CPU
		{4C5637F3-3EDF-4A21-8DD8-80355CD06EB7}.Release|x64.ActiveCfg = Release|Any CPU
		{4C5637F3-3EDF-4A21-8DD8-80355CD06EB7}.Release|x64.Build.0 = Release|Any CPU
		{4C5637F3-3EDF-4A21-8DD8-80355CD06EB7}.Release|x86.ActiveCfg = Release|Any CPU
		{4C5637F3-3EDF-4A21-8DD8-80355CD06EB7}.Release|x86.Build.0 = Release|Any CPU
	EndGlobalSection
	GlobalSection(SolutionProperties) = preSolution
		HideSolutionNode = FALSE
	EndGlobalSection
	GlobalSection(NestedProjects) = preSolution
		{4EBE7121-3921-498E-B240-665D007EC0C3} = {827E0CD3-B72D-47B6-A68D-7590B98EB39B}
		{43A48A7A-CF4C-407C-BAA4-7CD4BB5F3A23} = {827E0CD3-B72D-47B6-A68D-7590B98EB39B}
		{20750A73-E569-4DBA-9D7B-CFCF535409A9} = {827E0CD3-B72D-47B6-A68D-7590B98EB39B}
		{7054CD98-13EE-4836-95DA-2871420348E9} = {827E0CD3-B72D-47B6-A68D-7590B98EB39B}
		{98506352-5F6B-4AD1-971E-8F3157708D6F} = {0AB3BF05-4346-4AA6-1389-037BE0695223}
		{C4600878-38B5-6572-5949-C7586CCAA6F4} = {0AB3BF05-4346-4AA6-1389-037BE0695223}
		{4C5637F3-3EDF-4A21-8DD8-80355CD06EB7} = {C4600878-38B5-6572-5949-C7586CCAA6F4}
	EndGlobalSection
EndGlobal
